// !$*UTF8*$!
{
	archiveVersion = 1;
	classes = {
	};
	objectVersion = 46;
	objects = {

/* Begin PBXBuildFile section */
		383C83081C3F3B18000C1767 /* AppDelegate.swift in Sources */ = {isa = PBXBuildFile; fileRef = 383C83071C3F3B18000C1767 /* AppDelegate.swift */; };
		383C830A1C3F3B18000C1767 /* ViewController.swift in Sources */ = {isa = PBXBuildFile; fileRef = 383C83091C3F3B18000C1767 /* ViewController.swift */; };
		383C830D1C3F3B18000C1767 /* Main.storyboard in Resources */ = {isa = PBXBuildFile; fileRef = 383C830B1C3F3B18000C1767 /* Main.storyboard */; };
		383C830F1C3F3B18000C1767 /* Assets.xcassets in Resources */ = {isa = PBXBuildFile; fileRef = 383C830E1C3F3B18000C1767 /* Assets.xcassets */; };
		383C83121C3F3B18000C1767 /* LaunchScreen.storyboard in Resources */ = {isa = PBXBuildFile; fileRef = 383C83101C3F3B18000C1767 /* LaunchScreen.storyboard */; };
		383C831C1C3F3E7A000C1767 /* OptionsViewController.swift in Sources */ = {isa = PBXBuildFile; fileRef = 383C831B1C3F3E7A000C1767 /* OptionsViewController.swift */; };
		38FB4F371C3F479900BB13F1 /* OptionsDelegate.swift in Sources */ = {isa = PBXBuildFile; fileRef = 38FB4F361C3F479900BB13F1 /* OptionsDelegate.swift */; };
		38FB4F391C3F511800BB13F1 /* String+Utilities.swift in Sources */ = {isa = PBXBuildFile; fileRef = 38FB4F381C3F511800BB13F1 /* String+Utilities.swift */; };
/* End PBXBuildFile section */

/* Begin PBXFileReference section */
		383C83041C3F3B18000C1767 /* interview.app */ = {isa = PBXFileReference; explicitFileType = wrapper.application; includeInIndex = 0; path = interview.app; sourceTree = BUILT_PRODUCTS_DIR; };
		383C83071C3F3B18000C1767 /* AppDelegate.swift */ = {isa = PBXFileReference; lastKnownFileType = sourcecode.swift; path = AppDelegate.swift; sourceTree = "<group>"; };
		383C83091C3F3B18000C1767 /* ViewController.swift */ = {isa = PBXFileReference; lastKnownFileType = sourcecode.swift; path = ViewController.swift; sourceTree = "<group>"; };
		383C830C1C3F3B18000C1767 /* Base */ = {isa = PBXFileReference; lastKnownFileType = file.storyboard; name = Base; path = Base.lproj/Main.storyboard; sourceTree = "<group>"; };
		383C830E1C3F3B18000C1767 /* Assets.xcassets */ = {isa = PBXFileReference; lastKnownFileType = folder.assetcatalog; path = Assets.xcassets; sourceTree = "<group>"; };
		383C83111C3F3B18000C1767 /* Base */ = {isa = PBXFileReference; lastKnownFileType = file.storyboard; name = Base; path = Base.lproj/LaunchScreen.storyboard; sourceTree = "<group>"; };
		383C83131C3F3B18000C1767 /* Info.plist */ = {isa = PBXFileReference; lastKnownFileType = text.plist.xml; path = Info.plist; sourceTree = "<group>"; };
		383C831B1C3F3E7A000C1767 /* OptionsViewController.swift */ = {isa = PBXFileReference; fileEncoding = 4; lastKnownFileType = sourcecode.swift; path = OptionsViewController.swift; sourceTree = "<group>"; };
		38FB4F361C3F479900BB13F1 /* OptionsDelegate.swift */ = {isa = PBXFileReference; fileEncoding = 4; lastKnownFileType = sourcecode.swift; path = OptionsDelegate.swift; sourceTree = "<group>"; };
		38FB4F381C3F511800BB13F1 /* String+Utilities.swift */ = {isa = PBXFileReference; fileEncoding = 4; lastKnownFileType = sourcecode.swift; path = "String+Utilities.swift"; sourceTree = "<group>"; };
/* End PBXFileReference section */

/* Begin PBXFrameworksBuildPhase section */
		383C83011C3F3B18000C1767 /* Frameworks */ = {
			isa = PBXFrameworksBuildPhase;
			buildActionMask = 2147483647;
			files = (
			);
			runOnlyForDeploymentPostprocessing = 0;
		};
/* End PBXFrameworksBuildPhase section */

/* Begin PBXGroup section */
		383C82FB1C3F3B18000C1767 = {
			isa = PBXGroup;
			children = (
				383C83061C3F3B18000C1767 /* interview */,
				383C83051C3F3B18000C1767 /* Products */,
			);
			sourceTree = "<group>";
		};
		383C83051C3F3B18000C1767 /* Products */ = {
			isa = PBXGroup;
			children = (
				383C83041C3F3B18000C1767 /* interview.app */,
			);
			name = Products;
			sourceTree = "<group>";
		};
		383C83061C3F3B18000C1767 /* interview */ = {
			isa = PBXGroup;
			children = (
				38FB4F381C3F511800BB13F1 /* String+Utilities.swift */,
				383C83071C3F3B18000C1767 /* AppDelegate.swift */,
				383C831B1C3F3E7A000C1767 /* OptionsViewController.swift */,
				38FB4F361C3F479900BB13F1 /* OptionsDelegate.swift */,
				383C83091C3F3B18000C1767 /* ViewController.swift */,
				383C830B1C3F3B18000C1767 /* Main.storyboard */,
				383C830E1C3F3B18000C1767 /* Assets.xcassets */,
				383C83101C3F3B18000C1767 /* LaunchScreen.storyboard */,
				383C83131C3F3B18000C1767 /* Info.plist */,
			);
			path = interview;
			sourceTree = "<group>";
		};
/* End PBXGroup section */

/* Begin PBXNativeTarget section */
		383C83031C3F3B18000C1767 /* interview */ = {
			isa = PBXNativeTarget;
			buildConfigurationList = 383C83161C3F3B18000C1767 /* Build configuration list for PBXNativeTarget "interview" */;
			buildPhases = (
				383C83001C3F3B18000C1767 /* Sources */,
				383C83011C3F3B18000C1767 /* Frameworks */,
				383C83021C3F3B18000C1767 /* Resources */,
			);
			buildRules = (
			);
			dependencies = (
			);
			name = interview;
			productName = interview;
			productReference = 383C83041C3F3B18000C1767 /* interview.app */;
			productType = "com.apple.product-type.application";
		};
/* End PBXNativeTarget section */

/* Begin PBXProject section */
		383C82FC1C3F3B18000C1767 /* Project object */ = {
			isa = PBXProject;
			attributes = {
				LastSwiftUpdateCheck = 0720;
				LastUpgradeCheck = 0720;
				ORGANIZATIONNAME = Tolkiana;
				TargetAttributes = {
					383C83031C3F3B18000C1767 = {
						CreatedOnToolsVersion = 7.2;
					};
				};
			};
			buildConfigurationList = 383C82FF1C3F3B18000C1767 /* Build configuration list for PBXProject "interview" */;
			compatibilityVersion = "Xcode 3.2";
			developmentRegion = English;
			hasScannedForEncodings = 0;
			knownRegions = (
				en,
				Base,
			);
			mainGroup = 383C82FB1C3F3B18000C1767;
			productRefGroup = 383C83051C3F3B18000C1767 /* Products */;
			projectDirPath = "";
			projectRoot = "";
			targets = (
				383C83031C3F3B18000C1767 /* interview */,
			);
		};
/* End PBXProject section */

/* Begin PBXResourcesBuildPhase section */
		383C83021C3F3B18000C1767 /* Resources */ = {
			isa = PBXResourcesBuildPhase;
			buildActionMask = 2147483647;
			files = (
				383C83121C3F3B18000C1767 /* LaunchScreen.storyboard in Resources */,
				383C830F1C3F3B18000C1767 /* Assets.xcassets in Resources */,
				383C830D1C3F3B18000C1767 /* Main.storyboard in Resources */,
			);
			runOnlyForDeploymentPostprocessing = 0;
		};
/* End PBXResourcesBuildPhase section */

/* Begin PBXSourcesBuildPhase section */
		383C83001C3F3B18000C1767 /* Sources */ = {
			isa = PBXSourcesBuildPhase;
			buildActionMask = 2147483647;
			files = (
				38FB4F391C3F511800BB13F1 /* String+Utilities.swift in Sources */,
				383C831C1C3F3E7A000C1767 /* OptionsViewController.swift in Sources */,
				383C830A1C3F3B18000C1767 /* ViewController.swift in Sources */,
				383C83081C3F3B18000C1767 /* AppDelegate.swift in Sources */,
				38FB4F371C3F479900BB13F1 /* OptionsDelegate.swift in Sources */,
			);
			runOnlyForDeploymentPostprocessing = 0;
		};
/* End PBXSourcesBuildPhase section */

/* Begin PBXVariantGroup section */
		383C830B1C3F3B18000C1767 /* Main.storyboard */ = {
			isa = PBXVariantGroup;
			children = (
				383C830C1C3F3B18000C1767 /* Base */,
			);
			name = Main.storyboard;
			sourceTree = "<group>";
		};
		383C83101C3F3B18000C1767 /* LaunchScreen.storyboard */ = {
			isa = PBXVariantGroup;
			children = (
				383C83111C3F3B18000C1767 /* Base */,
			);
			name = LaunchScreen.storyboard;
			sourceTree = "<group>";
		};
/* End PBXVariantGroup section */

/* Begin XCBuildConfiguration section */
		383C83141C3F3B18000C1767 /* Debug */ = {
			isa = XCBuildConfiguration;
			buildSettings = {
				ALWAYS_SEARCH_USER_PATHS = NO;
				CLANG_CXX_LANGUAGE_STANDARD = "gnu++0x";
				CLANG_CXX_LIBRARY = "libc++";
				CLANG_ENABLE_MODULES = YES;
				CLANG_ENABLE_OBJC_ARC = YES;
				CLANG_WARN_BOOL_CONVERSION = YES;
				CLANG_WARN_CONSTANT_CONVERSION = YES;
				CLANG_WARN_DIRECT_OBJC_ISA_USAGE = YES_ERROR;
				CLANG_WARN_EMPTY_BODY = YES;
				CLANG_WARN_ENUM_CONVERSION = YES;
				CLANG_WARN_INT_CONVERSION = YES;
				CLANG_WARN_OBJC_ROOT_CLASS = YES_ERROR;
				CLANG_WARN_UNREACHABLE_CODE = YES;
				CLANG_WARN__DUPLICATE_METHOD_MATCH = YES;
				"CODE_SIGN_IDENTITY[sdk=iphoneos*]" = "iPhone Developer";
				COPY_PHASE_STRIP = NO;
				DEBUG_INFORMATION_FORMAT = dwarf;
				ENABLE_STRICT_OBJC_MSGSEND = YES;
				ENABLE_TESTABILITY = YES;
				GCC_C_LANGUAGE_STANDARD = gnu99;
				GCC_DYNAMIC_NO_PIC = NO;
				GCC_NO_COMMON_BLOCKS = YES;
				GCC_OPTIMIZATION_LEVEL = 0;
				GCC_PREPROCESSOR_DEFINITIONS = (
					"DEBUG=1",
					"$(inherited)",
				);
				GCC_WARN_64_TO_32_BIT_CONVERSION = YES;
				GCC_WARN_ABOUT_RETURN_TYPE = YES_ERROR;
				GCC_WARN_UNDECLARED_SELECTOR = YES;
				GCC_WARN_UNINITIALIZED_AUTOS = YES_AGGRESSIVE;
				GCC_WARN_UNUSED_FUNCTION = YES;
				GCC_WARN_UNUSED_VARIABLE = YES;
				IPHONEOS_DEPLOYMENT_TARGET = 9.2;
				MTL_ENABLE_DEBUG_INFO = YES;
				ONLY_ACTIVE_ARCH = YES;
				SDKROOT = iphoneos;
				SWIFT_OPTIMIZATION_LEVEL = "-Onone";
				TARGETED_DEVICE_FAMILY = "1,2";
			};
			name = Debug;
		};
		383C83151C3F3B18000C1767 /* Release */ = {
			isa = XCBuildConfiguration;
			buildSettings = {
				ALWAYS_SEARCH_USER_PATHS = NO;
				CLANG_CXX_LANGUAGE_STANDARD = "gnu++0x";
				CLANG_CXX_LIBRARY = "libc++";
				CLANG_ENABLE_MODULES = YES;
				CLANG_ENABLE_OBJC_ARC = YES;
				CLANG_WARN_BOOL_CONVERSION = YES;
				CLANG_WARN_CONSTANT_CONVERSION = YES;
				CLANG_WARN_DIRECT_OBJC_ISA_USAGE = YES_ERROR;
				CLANG_WARN_EMPTY_BODY = YES;
				CLANG_WARN_ENUM_CONVERSION = YES;
				CLANG_WARN_INT_CONVERSION = YES;
				CLANG_WARN_OBJC_ROOT_CLASS = YES_ERROR;
				CLANG_WARN_UNREACHABLE_CODE = YES;
				CLANG_WARN__DUPLICATE_METHOD_MATCH = YES;
				"CODE_SIGN_IDENTITY[sdk=iphoneos*]" = "iPhone Developer";
				COPY_PHASE_STRIP = NO;
				DEBUG_INFORMATION_FORMAT = "dwarf-with-dsym";
				ENABLE_NS_ASSERTIONS = NO;
				ENABLE_STRICT_OBJC_MSGSEND = YES;
				GCC_C_LANGUAGE_STANDARD = gnu99;
				GCC_NO_COMMON_BLOCKS = YES;
				GCC_WARN_64_TO_32_BIT_CONVERSION = YES;
				GCC_WARN_ABOUT_RETURN_TYPE = YES_ERROR;
				GCC_WARN_UNDECLARED_SELECTOR = YES;
				GCC_WARN_UNINITIALIZED_AUTOS = YES_AGGRESSIVE;
				GCC_WARN_UNUSED_FUNCTION = YES;
				GCC_WARN_UNUSED_VARIABLE = YES;
				IPHONEOS_DEPLOYMENT_TARGET = 9.2;
				MTL_ENABLE_DEBUG_INFO = NO;
				SDKROOT = iphoneos;
				TARGETED_DEVICE_FAMILY = "1,2";
				VALIDATE_PRODUCT = YES;
			};
			name = Release;
		};
		383C83171C3F3B18000C1767 /* Debug */ = {
			isa = XCBuildConfiguration;
			buildSettings = {
				ASSETCATALOG_COMPILER_APPICON_NAME = AppIcon;
				INFOPLIST_FILE = interview/Info.plist;
				LD_RUNPATH_SEARCH_PATHS = "$(inherited) @executable_path/Frameworks";
				PRODUCT_BUNDLE_IDENTIFIER = com.tolkiana.interview;
				PRODUCT_NAME = "$(TARGET_NAME)";
			};
			name = Debug;
		};
		383C83181C3F3B18000C1767 /* Release */ = {
			isa = XCBuildConfiguration;
			buildSettings = {
				ASSETCATALOG_COMPILER_APPICON_NAME = AppIcon;
				INFOPLIST_FILE = interview/Info.plist;
				LD_RUNPATH_SEARCH_PATHS = "$(inherited) @executable_path/Frameworks";
				PRODUCT_BUNDLE_IDENTIFIER = com.tolkiana.interview;
				PRODUCT_NAME = "$(TARGET_NAME)";
			};
			name = Release;
		};
/* End XCBuildConfiguration section */

/* Begin XCConfigurationList section */
		383C82FF1C3F3B18000C1767 /* Build configuration list for PBXProject "interview" */ = {
			isa = XCConfigurationList;
			buildConfigurations = (
				383C83141C3F3B18000C1767 /* Debug */,
				383C83151C3F3B18000C1767 /* Release */,
			);
			defaultConfigurationIsVisible = 0;
			defaultConfigurationName = Release;
		};
		383C83161C3F3B18000C1767 /* Build configuration list for PBXNativeTarget "interview" */ = {
			isa = XCConfigurationList;
			buildConfigurations = (
				383C83171C3F3B18000C1767 /* Debug */,
				383C83181C3F3B18000C1767 /* Release */,
			);
			defaultConfigurationIsVisible = 0;
			defaultConfigurationName = Release;
		};
/* End XCConfigurationList section */
	};
	rootObject = 383C82FC1C3F3B18000C1767 /* Project object */;
}
